
Microsoft Visual Studio Solution File, Format Version 12.00
# Visual Studio 2013
VisualStudioVersion = 12.0.40629.0
MinimumVisualStudioVersion = 10.0.40219.1
Project("{E24C65DC-7377-472B-9ABA-BC803B73C61A}") = "FourLevelDemo", "http://localhost:38413", "{41802B15-BF63-4AD2-A301-E1CD6D4A7D40}"
	ProjectSection(WebsiteProperties) = preProject
		UseIISExpress = "true"
		TargetFrameworkMoniker = ".NETFramework,Version%3Dv4.5.1"
		ProjectReferences = "{40009dbb-c870-4f5f-a36d-1a7be7c16069}|FourLevelDemo.Services.dll;"
		Debug.AspNetCompiler.VirtualPath = "/localhost_38413"
		Debug.AspNetCompiler.PhysicalPath = "FourLevelDemo\"
		Debug.AspNetCompiler.TargetPath = "PrecompiledWeb\localhost_38413\"
		Debug.AspNetCompiler.Updateable = "true"
		Debug.AspNetCompiler.ForceOverwrite = "true"
		Debug.AspNetCompiler.FixedNames = "false"
		Debug.AspNetCompiler.Debug = "True"
		Release.AspNetCompiler.VirtualPath = "/localhost_38413"
		Release.AspNetCompiler.PhysicalPath = "FourLevelDemo\"
		Release.AspNetCompiler.TargetPath = "PrecompiledWeb\localhost_38413\"
		Release.AspNetCompiler.Updateable = "true"
		Release.AspNetCompiler.ForceOverwrite = "true"
		Release.AspNetCompiler.FixedNames = "false"
		Release.AspNetCompiler.Debug = "False"
		SlnRelativePath = "FourLevelDemo\"
		DefaultWebSiteLanguage = "Visual C#"
	EndProjectSection
EndProject
Project("{FAE04EC0-301F-11D3-BF4B-00C04F79EFBC}") = "FourLevelDemo.Services", "C:\Users\heke\Documents\Visual Studio 2013\Projects\FourLevelDemo\FourLevelDemo.Services\FourLevelDemo.Services.csproj", "{40009DBB-C870-4F5F-A36D-1A7BE7C16069}"
EndProject
Global
	GlobalSection(SolutionConfigurationPlatforms) = preSolution
		Debug|Any CPU = Debug|Any CPU
		Release|Any CPU = Release|Any CPU
	EndGlobalSection
	GlobalSection(ProjectConfigurationPlatforms) = postSolution
		{41802B15-BF63-4AD2-A301-E1CD6D4A7D40}.Debug|Any CPU.ActiveCfg = Debug|Any CPU
		{41802B15-BF63-4AD2-A301-E1CD6D4A7D40}.Debug|Any CPU.Build.0 = Debug|Any CPU
		{41802B15-BF63-4AD2-A301-E1CD6D4A7D40}.Release|Any CPU.ActiveCfg = Debug|Any CPU
		{41802B15-BF63-4AD2-A301-E1CD6D4A7D40}.Release|Any CPU.Build.0 = Debug|Any CPU
		{40009DBB-C870-4F5F-A36D-1A7BE7C16069}.Debug|Any CPU.ActiveCfg = Debug|Any CPU
		{40009DBB-C870-4F5F-A36D-1A7BE7C16069}.Debug|Any CPU.Build.0 = Debug|Any CPU
		{40009DBB-C870-4F5F-A36D-1A7BE7C16069}.Release|Any CPU.ActiveCfg = Release|Any CPU
		{40009DBB-C870-4F5F-A36D-1A7BE7C16069}.Release|Any CPU.Build.0 = Release|Any CPU
	EndGlobalSection
	GlobalSection(SolutionProperties) = preSolution
		HideSolutionNode = FALSE
	EndGlobalSection
EndGlobal
